
Microsoft Visual Studio Solution File, Format Version 12.00
Project("{2150E333-8FDC-42A3-9474-1A3956D46DE8}") = "src", "src", "{B94FE772-8703-48B8-B6F6-06DAE8319635}"
EndProject
Project("{2150E333-8FDC-42A3-9474-1A3956D46DE8}") = "BankAccounts", "BankAccounts", "{5528FEB4-628E-4793-8A81-821C50E3558F}"
EndProject
Project("{2150E333-8FDC-42A3-9474-1A3956D46DE8}") = "Shared", "Shared", "{31D572F9-6575-49D4-963D-C800D6576744}"
EndProject
Project("{FAE04EC0-301F-11D3-BF4B-00C04F79EFBC}") = "BankAccounts.App", "src\BankAccounts\BankAccounts.App\BankAccounts.App.csproj", "{9668523F-553C-446A-9C9B-7525B52BDE9A}"
EndProject
Project("{FAE04EC0-301F-11D3-BF4B-00C04F79EFBC}") = "BankAccounts.Presentation", "src\BankAccounts\BankAccounts.Presentation\BankAccounts.Presentation.csproj", "{671C12A8-53BD-4750-AEE3-7F93C0EA66D1}"
EndProject
Project("{FAE04EC0-301F-11D3-BF4B-00C04F79EFBC}") = "BankAccounts.Domain", "src\BankAccounts\BankAccounts.Domain\BankAccounts.Domain.csproj", "{FAA4D5A9-66A6-4EA4-84EC-879B5CCEB21A}"
EndProject
Project("{FAE04EC0-301F-11D3-BF4B-00C04F79EFBC}") = "BankAccounts.Application", "src\BankAccounts\BankAccounts.Application\BankAccounts.Application.csproj", "{D16E49EC-8B71-4D4A-9B04-7F1BD76D6A72}"
EndProject
Project("{2150E333-8FDC-42A3-9474-1A3956D46DE8}") = "Solution Items", "Solution Items", "{4A81552E-6144-4CCB-A8C9-265B61AF4CE8}"
	ProjectSection(SolutionItems) = preProject
		.gitignore = .gitignore
		README.md = README.md
		.editorconfig = .editorconfig
	EndProjectSection
EndProject
Project("{2150E333-8FDC-42A3-9474-1A3956D46DE8}") = "docker", "docker", "{5CF34B0A-A87C-43BA-8A3A-165AF1B6872A}"
	ProjectSection(SolutionItems) = preProject
		docker\.dockerignore = docker\.dockerignore
		docker\.env = docker\.env
		docker\docker-compose.override.yml = docker\docker-compose.override.yml
		docker\docker-compose.yml = docker\docker-compose.yml
	EndProjectSection
EndProject
Project("{FAE04EC0-301F-11D3-BF4B-00C04F79EFBC}") = "BankAccounts.Infrastructure", "src\BankAccounts\BankAccounts.Infrastructure\BankAccounts.Infrastructure.csproj", "{1F88193A-F6E7-464A-B5F8-D2D6D497917B}"
EndProject
Project("{FAE04EC0-301F-11D3-BF4B-00C04F79EFBC}") = "Shared.Domain", "src\Shared\Shared.Domain\Shared.Domain.csproj", "{B06F1B4F-E7C4-47E1-9A55-9EFA90F688C5}"
EndProject
Project("{FAE04EC0-301F-11D3-BF4B-00C04F79EFBC}") = "Shared.Application", "src\Shared\Shared.Application\Shared.Application.csproj", "{642A48DA-6532-44ED-A056-DEF240AFEDD4}"
EndProject
Project("{FAE04EC0-301F-11D3-BF4B-00C04F79EFBC}") = "Shared.Infrastructure", "src\Shared\Shared.Infrastructure\Shared.Infrastructure.csproj", "{8AC051D5-F131-447F-AC9E-E2C10C2501BB}"
EndProject
Project("{FAE04EC0-301F-11D3-BF4B-00C04F79EFBC}") = "Shared.Persistence", "src\Shared\Shared.Persistence\Shared.Persistence.csproj", "{1B196E2D-8404-415A-BB5B-64F55E6BCD2B}"
EndProject
Project("{FAE04EC0-301F-11D3-BF4B-00C04F79EFBC}") = "BankAccounts.Persistence", "src\BankAccounts\BankAccounts.Persistence\BankAccounts.Persistence.csproj", "{3A05C274-D220-4EEA-A5E1-E921CB5AEB18}"
EndProject
Project("{FAE04EC0-301F-11D3-BF4B-00C04F79EFBC}") = "Shared.Presentation", "src\Shared\Shared.Presentation\Shared.Presentation.csproj", "{7DD20194-A317-40EF-8152-05F20BE320E8}"
EndProject
Project("{FAE04EC0-301F-11D3-BF4B-00C04F79EFBC}") = "Shared.App", "src\Shared\Shared.App\Shared.App.csproj", "{BD479C24-8B54-41DB-88BF-227AD07FD971}"
EndProject
Global
	GlobalSection(SolutionConfigurationPlatforms) = preSolution
		Debug|Any CPU = Debug|Any CPU
		Release|Any CPU = Release|Any CPU
	EndGlobalSection
	GlobalSection(ProjectConfigurationPlatforms) = postSolution
		{9668523F-553C-446A-9C9B-7525B52BDE9A}.Debug|Any CPU.ActiveCfg = Debug|Any CPU
		{9668523F-553C-446A-9C9B-7525B52BDE9A}.Debug|Any CPU.Build.0 = Debug|Any CPU
		{9668523F-553C-446A-9C9B-7525B52BDE9A}.Release|Any CPU.ActiveCfg = Release|Any CPU
		{9668523F-553C-446A-9C9B-7525B52BDE9A}.Release|Any CPU.Build.0 = Release|Any CPU
		{671C12A8-53BD-4750-AEE3-7F93C0EA66D1}.Debug|Any CPU.ActiveCfg = Debug|Any CPU
		{671C12A8-53BD-4750-AEE3-7F93C0EA66D1}.Debug|Any CPU.Build.0 = Debug|Any CPU
		{671C12A8-53BD-4750-AEE3-7F93C0EA66D1}.Release|Any CPU.ActiveCfg = Release|Any CPU
		{671C12A8-53BD-4750-AEE3-7F93C0EA66D1}.Release|Any CPU.Build.0 = Release|Any CPU
		{FAA4D5A9-66A6-4EA4-84EC-879B5CCEB21A}.Debug|Any CPU.ActiveCfg = Debug|Any CPU
		{FAA4D5A9-66A6-4EA4-84EC-879B5CCEB21A}.Debug|Any CPU.Build.0 = Debug|Any CPU
		{FAA4D5A9-66A6-4EA4-84EC-879B5CCEB21A}.Release|Any CPU.ActiveCfg = Release|Any CPU
		{FAA4D5A9-66A6-4EA4-84EC-879B5CCEB21A}.Release|Any CPU.Build.0 = Release|Any CPU
		{D16E49EC-8B71-4D4A-9B04-7F1BD76D6A72}.Debug|Any CPU.ActiveCfg = Debug|Any CPU
		{D16E49EC-8B71-4D4A-9B04-7F1BD76D6A72}.Debug|Any CPU.Build.0 = Debug|Any CPU
		{D16E49EC-8B71-4D4A-9B04-7F1BD76D6A72}.Release|Any CPU.ActiveCfg = Release|Any CPU
		{D16E49EC-8B71-4D4A-9B04-7F1BD76D6A72}.Release|Any CPU.Build.0 = Release|Any CPU
		{1F88193A-F6E7-464A-B5F8-D2D6D497917B}.Debug|Any CPU.ActiveCfg = Debug|Any CPU
		{1F88193A-F6E7-464A-B5F8-D2D6D497917B}.Debug|Any CPU.Build.0 = Debug|Any CPU
		{1F88193A-F6E7-464A-B5F8-D2D6D497917B}.Release|Any CPU.ActiveCfg = Release|Any CPU
		{1F88193A-F6E7-464A-B5F8-D2D6D497917B}.Release|Any CPU.Build.0 = Release|Any CPU
		{B06F1B4F-E7C4-47E1-9A55-9EFA90F688C5}.Debug|Any CPU.ActiveCfg = Debug|Any CPU
		{B06F1B4F-E7C4-47E1-9A55-9EFA90F688C5}.Debug|Any CPU.Build.0 = Debug|Any CPU
		{B06F1B4F-E7C4-47E1-9A55-9EFA90F688C5}.Release|Any CPU.ActiveCfg = Release|Any CPU
		{B06F1B4F-E7C4-47E1-9A55-9EFA90F688C5}.Release|Any CPU.Build.0 = Release|Any CPU
		{642A48DA-6532-44ED-A056-DEF240AFEDD4}.Debug|Any CPU.ActiveCfg = Debug|Any CPU
		{642A48DA-6532-44ED-A056-DEF240AFEDD4}.Debug|Any CPU.Build.0 = Debug|Any CPU
		{642A48DA-6532-44ED-A056-DEF240AFEDD4}.Release|Any CPU.ActiveCfg = Release|Any CPU
		{642A48DA-6532-44ED-A056-DEF240AFEDD4}.Release|Any CPU.Build.0 = Release|Any CPU
		{8AC051D5-F131-447F-AC9E-E2C10C2501BB}.Debug|Any CPU.ActiveCfg = Debug|Any CPU
		{8AC051D5-F131-447F-AC9E-E2C10C2501BB}.Debug|Any CPU.Build.0 = Debug|Any CPU
		{8AC051D5-F131-447F-AC9E-E2C10C2501BB}.Release|Any CPU.ActiveCfg = Release|Any CPU
		{8AC051D5-F131-447F-AC9E-E2C10C2501BB}.Release|Any CPU.Build.0 = Release|Any CPU
		{1B196E2D-8404-415A-BB5B-64F55E6BCD2B}.Debug|Any CPU.ActiveCfg = Debug|Any CPU
		{1B196E2D-8404-415A-BB5B-64F55E6BCD2B}.Debug|Any CPU.Build.0 = Debug|Any CPU
		{1B196E2D-8404-415A-BB5B-64F55E6BCD2B}.Release|Any CPU.ActiveCfg = Release|Any CPU
		{1B196E2D-8404-415A-BB5B-64F55E6BCD2B}.Release|Any CPU.Build.0 = Release|Any CPU
		{3A05C274-D220-4EEA-A5E1-E921CB5AEB18}.Debug|Any CPU.ActiveCfg = Debug|Any CPU
		{3A05C274-D220-4EEA-A5E1-E921CB5AEB18}.Debug|Any CPU.Build.0 = Debug|Any CPU
		{3A05C274-D220-4EEA-A5E1-E921CB5AEB18}.Release|Any CPU.ActiveCfg = Release|Any CPU
		{3A05C274-D220-4EEA-A5E1-E921CB5AEB18}.Release|Any CPU.Build.0 = Release|Any CPU
		{7DD20194-A317-40EF-8152-05F20BE320E8}.Debug|Any CPU.ActiveCfg = Debug|Any CPU
		{7DD20194-A317-40EF-8152-05F20BE320E8}.Debug|Any CPU.Build.0 = Debug|Any CPU
		{7DD20194-A317-40EF-8152-05F20BE320E8}.Release|Any CPU.ActiveCfg = Release|Any CPU
		{7DD20194-A317-40EF-8152-05F20BE320E8}.Release|Any CPU.Build.0 = Release|Any CPU
		{BD479C24-8B54-41DB-88BF-227AD07FD971}.Debug|Any CPU.ActiveCfg = Debug|Any CPU
		{BD479C24-8B54-41DB-88BF-227AD07FD971}.Debug|Any CPU.Build.0 = Debug|Any CPU
		{BD479C24-8B54-41DB-88BF-227AD07FD971}.Release|Any CPU.ActiveCfg = Release|Any CPU
		{BD479C24-8B54-41DB-88BF-227AD07FD971}.Release|Any CPU.Build.0 = Release|Any CPU
	EndGlobalSection
	GlobalSection(NestedProjects) = preSolution
		{5528FEB4-628E-4793-8A81-821C50E3558F} = {B94FE772-8703-48B8-B6F6-06DAE8319635}
		{31D572F9-6575-49D4-963D-C800D6576744} = {B94FE772-8703-48B8-B6F6-06DAE8319635}
		{9668523F-553C-446A-9C9B-7525B52BDE9A} = {5528FEB4-628E-4793-8A81-821C50E3558F}
		{671C12A8-53BD-4750-AEE3-7F93C0EA66D1} = {5528FEB4-628E-4793-8A81-821C50E3558F}
		{FAA4D5A9-66A6-4EA4-84EC-879B5CCEB21A} = {5528FEB4-628E-4793-8A81-821C50E3558F}
		{D16E49EC-8B71-4D4A-9B04-7F1BD76D6A72} = {5528FEB4-628E-4793-8A81-821C50E3558F}
		{5CF34B0A-A87C-43BA-8A3A-165AF1B6872A} = {4A81552E-6144-4CCB-A8C9-265B61AF4CE8}
		{1F88193A-F6E7-464A-B5F8-D2D6D497917B} = {5528FEB4-628E-4793-8A81-821C50E3558F}
		{B06F1B4F-E7C4-47E1-9A55-9EFA90F688C5} = {31D572F9-6575-49D4-963D-C800D6576744}
		{642A48DA-6532-44ED-A056-DEF240AFEDD4} = {31D572F9-6575-49D4-963D-C800D6576744}
		{8AC051D5-F131-447F-AC9E-E2C10C2501BB} = {31D572F9-6575-49D4-963D-C800D6576744}
		{1B196E2D-8404-415A-BB5B-64F55E6BCD2B} = {31D572F9-6575-49D4-963D-C800D6576744}
		{3A05C274-D220-4EEA-A5E1-E921CB5AEB18} = {5528FEB4-628E-4793-8A81-821C50E3558F}
		{7DD20194-A317-40EF-8152-05F20BE320E8} = {31D572F9-6575-49D4-963D-C800D6576744}
		{BD479C24-8B54-41DB-88BF-227AD07FD971} = {31D572F9-6575-49D4-963D-C800D6576744}
	EndGlobalSection
EndGlobal
